{
  "name": "stringshots",
  "version": "1.0.0",
  "lockfileVersion": 1,
  "requires": true,
  "dependencies": {
    "context-2d-tracked": {
      "version": "1.0.3",
      "resolved": "https://registry.npmjs.org/context-2d-tracked/-/context-2d-tracked-1.0.3.tgz",
      "integrity": "sha1-loseccAtfG2SEqgZk0OGYbItS4Q=",
      "requires": {
        "transformation-matrix-js": "2.7.1"
      }
    },
    "drawpoint": {
      "version": "1.4.1",
      "resolved": "https://registry.npmjs.org/drawpoint/-/drawpoint-1.4.1.tgz",
      "integrity": "sha1-2H3LrNsKlU0EztMtF0M1eDZ7kak=",
      "requires": {
        "context-2d-tracked": "1.0.3"
      }
    },
    "transformation-matrix-js": {
      "version": "2.7.1",
      "resolved": "https://registry.npmjs.org/transformation-matrix-js/-/transformation-matrix-js-2.7.1.tgz",
      "integrity": "sha1-C2Loi2VehD6OWXKmaBWVVP/cyRA="
    }
  }
}
